
Microsoft Visual Studio Solution File, Format Version 11.00
# Visual Studio 2010
Project("{FAE04EC0-301F-11D3-BF4B-00C04F79EFBC}") = "Smokey.Specs", "Smokey.Specs\Smokey.Specs.csproj", "{19023615-AB68-499B-81DF-99CAF7D6FE14}"
EndProject
Global
	GlobalSection(SolutionConfigurationPlatforms) = preSolution
		Debug|Any CPU = Debug|Any CPU
		Release|Any CPU = Release|Any CPU
	EndGlobalSection
	GlobalSection(ProjectConfigurationPlatforms) = postSolution
		{19023615-AB68-499B-81DF-99CAF7D6FE14}.Debug|Any CPU.ActiveCfg = Debug|Any CPU
		{19023615-AB68-499B-81DF-99CAF7D6FE14}.Debug|Any CPU.Build.0 = Debug|Any CPU
		{19023615-AB68-499B-81DF-99CAF7D6FE14}.Release|Any CPU.ActiveCfg = Release|Any CPU
		{19023615-AB68-499B-81DF-99CAF7D6FE14}.Release|Any CPU.Build.0 = Release|Any CPU
	EndGlobalSection
	GlobalSection(SolutionProperties) = preSolution
		HideSolutionNode = FALSE
	EndGlobalSection
EndGlobal
